Microsoft Visual Studio Solution File, Format Version 12.00
# Visual Studio Version 17
VisualStudioVersion = 17.5.2.0
MinimumVisualStudioVersion = 10.0.40219.1
Project("{FAE04EC0-301F-11D3-BF4B-00C04F79EFBC}") = "LogLibrary", "LogLibrary.csproj", "{4D1FAB24-FF3E-6E14-44C0-203518803A36}"
EndProject
Global
	GlobalSection(SolutionConfigurationPlatforms) = preSolution
		Debug|Any CPU = Debug|Any CPU
		Release|Any CPU = Release|Any CPU
	EndGlobalSection
	GlobalSection(ProjectConfigurationPlatforms) = postSolution
		{4D1FAB24-FF3E-6E14-44C0-203518803A36}.Debug|Any CPU.ActiveCfg = Debug|Any CPU
		{4D1FAB24-FF3E-6E14-44C0-203518803A36}.Debug|Any CPU.Build.0 = Debug|Any CPU
		{4D1FAB24-FF3E-6E14-44C0-203518803A36}.Release|Any CPU.ActiveCfg = Release|Any CPU
		{4D1FAB24-FF3E-6E14-44C0-203518803A36}.Release|Any CPU.Build.0 = Release|Any CPU
	EndGlobalSection
	GlobalSection(SolutionProperties) = preSolution
		HideSolutionNode = FALSE
	EndGlobalSection
	GlobalSection(ExtensibilityGlobals) = postSolution
		SolutionGuid = {8E9D6977-7B97-482F-985E-FFFEA3A14D54}
	EndGlobalSection
EndGlobal
